
Microsoft Visual Studio Solution File, Format Version 12.00
# Visual Studio Version 16
VisualStudioVersion = 16.0.33130.400
MinimumVisualStudioVersion = 10.0.40219.1
Project("{8BC9CEB8-8B4A-11D0-8D11-00A0C91BC942}") = "EditFoxEngine2D", "EditFoxEngine2D\EditFoxEngine2D.vcxproj", "{0F1C486B-A8BC-4292-BC4F-5F9D4EA41C3D}"
EndProject
Global
	GlobalSection(SolutionConfigurationPlatforms) = preSolution
		Debug|x64 = Debug|x64
		Debug|x86 = Debug|x86
		Release|x64 = Release|x64
		Release|x86 = Release|x86
	EndGlobalSection
	GlobalSection(ProjectConfigurationPlatforms) = postSolution
		{0F1C486B-A8BC-4292-BC4F-5F9D4EA41C3D}.Debug|x64.ActiveCfg = Debug|x64
		{0F1C486B-A8BC-4292-BC4F-5F9D4EA41C3D}.Debug|x64.Build.0 = Debug|x64
		{0F1C486B-A8BC-4292-BC4F-5F9D4EA41C3D}.Debug|x86.ActiveCfg = Debug|Win32
		{0F1C486B-A8BC-4292-BC4F-5F9D4EA41C3D}.Debug|x86.Build.0 = Debug|Win32
		{0F1C486B-A8BC-4292-BC4F-5F9D4EA41C3D}.Release|x64.ActiveCfg = Release|x64
		{0F1C486B-A8BC-4292-BC4F-5F9D4EA41C3D}.Release|x64.Build.0 = Release|x64
		{0F1C486B-A8BC-4292-BC4F-5F9D4EA41C3D}.Release|x86.ActiveCfg = Release|Win32
		{0F1C486B-A8BC-4292-BC4F-5F9D4EA41C3D}.Release|x86.Build.0 = Release|Win32
	EndGlobalSection
	GlobalSection(SolutionProperties) = preSolution
		HideSolutionNode = FALSE
	EndGlobalSection
	GlobalSection(ExtensibilityGlobals) = postSolution
		SolutionGuid = {3F1DE1A8-FB9B-42D3-91B0-FDD0356D2529}
	EndGlobalSection
EndGlobal
